{
  "name": "@aikdna/kdna-activation-server",
  "version": "0.1.0",
  "lockfileVersion": 3,
  "requires": true,
  "packages": {
    "": {
      "name": "@aikdna/kdna-activation-server",
      "version": "0.1.0",
      "license": "Apache-2.0",
      "bin": {
        "kdna-activation-server": "bin/kdna-activation-server.js"
      },
      "engines": {
        "node": ">=18"
      }
    }
  }
}
